
Microsoft Visual Studio Solution File, Format Version 12.00
# Visual Studio 2012
Project("{FAE04EC0-301F-11D3-BF4B-00C04F79EFBC}") = "Version_3", "Version_3\Version_3.csproj", "{DC4B54FC-0611-4219-813A-95990EEFABF0}"
EndProject
Global
	GlobalSection(SolutionConfigurationPlatforms) = preSolution
		Debug|Any CPU = Debug|Any CPU
		Release|Any CPU = Release|Any CPU
	EndGlobalSection
	GlobalSection(ProjectConfigurationPlatforms) = postSolution
		{DC4B54FC-0611-4219-813A-95990EEFABF0}.Debug|Any CPU.ActiveCfg = Debug|Any CPU
		{DC4B54FC-0611-4219-813A-95990EEFABF0}.Debug|Any CPU.Build.0 = Debug|Any CPU
		{DC4B54FC-0611-4219-813A-95990EEFABF0}.Release|Any CPU.ActiveCfg = Release|Any CPU
		{DC4B54FC-0611-4219-813A-95990EEFABF0}.Release|Any CPU.Build.0 = Release|Any CPU
	EndGlobalSection
	GlobalSection(SolutionProperties) = preSolution
		HideSolutionNode = FALSE
	EndGlobalSection
EndGlobal
